
Microsoft Visual Studio Solution File, Format Version 12.00
# Visual Studio Version 16
VisualStudioVersion = 16.0.31613.86
MinimumVisualStudioVersion = 10.0.40219.1
Project("{9A19103F-16F7-4668-BE54-9A1E7A4F7556}") = "SignalR.API", "SignalR.API\SignalR.API.csproj", "{1459F82E-38FA-4CF7-8C0C-0484048AF757}"
EndProject
Project("{9A19103F-16F7-4668-BE54-9A1E7A4F7556}") = "SignalR.WEBApp", "..\SignalR.WEBApp\SignalR.WEBApp\SignalR.WEBApp.csproj", "{FEBAB9B0-BB71-4F55-8BDB-EE4A7390AA6B}"
EndProject
Global
	GlobalSection(SolutionConfigurationPlatforms) = preSolution
		Debug|Any CPU = Debug|Any CPU
		Release|Any CPU = Release|Any CPU
	EndGlobalSection
	GlobalSection(ProjectConfigurationPlatforms) = postSolution
		{1459F82E-38FA-4CF7-8C0C-0484048AF757}.Debug|Any CPU.ActiveCfg = Debug|Any CPU
		{1459F82E-38FA-4CF7-8C0C-0484048AF757}.Debug|Any CPU.Build.0 = Debug|Any CPU
		{1459F82E-38FA-4CF7-8C0C-0484048AF757}.Release|Any CPU.ActiveCfg = Release|Any CPU
		{1459F82E-38FA-4CF7-8C0C-0484048AF757}.Release|Any CPU.Build.0 = Release|Any CPU
		{FEBAB9B0-BB71-4F55-8BDB-EE4A7390AA6B}.Debug|Any CPU.ActiveCfg = Debug|Any CPU
		{FEBAB9B0-BB71-4F55-8BDB-EE4A7390AA6B}.Debug|Any CPU.Build.0 = Debug|Any CPU
		{FEBAB9B0-BB71-4F55-8BDB-EE4A7390AA6B}.Release|Any CPU.ActiveCfg = Release|Any CPU
		{FEBAB9B0-BB71-4F55-8BDB-EE4A7390AA6B}.Release|Any CPU.Build.0 = Release|Any CPU
	EndGlobalSection
	GlobalSection(SolutionProperties) = preSolution
		HideSolutionNode = FALSE
	EndGlobalSection
	GlobalSection(ExtensibilityGlobals) = postSolution
		SolutionGuid = {17C1A279-C44C-4D51-AA18-BC5676AC56A2}
	EndGlobalSection
EndGlobal
